
Microsoft Visual Studio Solution File, Format Version 12.00
# Visual Studio Version 17
VisualStudioVersion = 17.11.35327.3
MinimumVisualStudioVersion = 10.0.40219.1
Project("{FAE04EC0-301F-11D3-BF4B-00C04F79EFBC}") = "Assignment 5.1.1", "Assignment 5.1.1.csproj", "{A26847CC-B3A6-4033-A339-EF44F4BC8823}"
EndProject
Global
	GlobalSection(SolutionConfigurationPlatforms) = preSolution
		Debug|Any CPU = Debug|Any CPU
		Release|Any CPU = Release|Any CPU
	EndGlobalSection
	GlobalSection(ProjectConfigurationPlatforms) = postSolution
		{A26847CC-B3A6-4033-A339-EF44F4BC8823}.Debug|Any CPU.ActiveCfg = Debug|Any CPU
		{A26847CC-B3A6-4033-A339-EF44F4BC8823}.Debug|Any CPU.Build.0 = Debug|Any CPU
		{A26847CC-B3A6-4033-A339-EF44F4BC8823}.Release|Any CPU.ActiveCfg = Release|Any CPU
		{A26847CC-B3A6-4033-A339-EF44F4BC8823}.Release|Any CPU.Build.0 = Release|Any CPU
	EndGlobalSection
	GlobalSection(SolutionProperties) = preSolution
		HideSolutionNode = FALSE
	EndGlobalSection
	GlobalSection(ExtensibilityGlobals) = postSolution
		SolutionGuid = {433708D0-ED24-4D9E-AF19-B7359B7F2D9D}
	EndGlobalSection
EndGlobal
